
Microsoft Visual Studio Solution File, Format Version 12.00
# Visual Studio 2013
VisualStudioVersion = 12.0.21005.1
MinimumVisualStudioVersion = 10.0.40219.1
Project("{FAE04EC0-301F-11D3-BF4B-00C04F79EFBC}") = "EnsignLib.Storage.Redis", "Ensign.Storage.Redis\EnsignLib.Storage.Redis.csproj", "{474A7F15-C7EB-4882-A7AA-E0DCDE2AC81D}"
EndProject
Project("{FAE04EC0-301F-11D3-BF4B-00C04F79EFBC}") = "EnsignLib.Storage.Redis.UnitTests", "Ensign.Storage.Redis.UnitTests\EnsignLib.Storage.Redis.UnitTests.csproj", "{37A0FED0-CAB7-401E-AC0E-4D0C6798BD04}"
EndProject
Global
	GlobalSection(SolutionConfigurationPlatforms) = preSolution
		Debug|Any CPU = Debug|Any CPU
		Release|Any CPU = Release|Any CPU
	EndGlobalSection
	GlobalSection(ProjectConfigurationPlatforms) = postSolution
		{474A7F15-C7EB-4882-A7AA-E0DCDE2AC81D}.Debug|Any CPU.ActiveCfg = Debug|Any CPU
		{474A7F15-C7EB-4882-A7AA-E0DCDE2AC81D}.Debug|Any CPU.Build.0 = Debug|Any CPU
		{474A7F15-C7EB-4882-A7AA-E0DCDE2AC81D}.Release|Any CPU.ActiveCfg = Release|Any CPU
		{474A7F15-C7EB-4882-A7AA-E0DCDE2AC81D}.Release|Any CPU.Build.0 = Release|Any CPU
		{37A0FED0-CAB7-401E-AC0E-4D0C6798BD04}.Debug|Any CPU.ActiveCfg = Debug|Any CPU
		{37A0FED0-CAB7-401E-AC0E-4D0C6798BD04}.Debug|Any CPU.Build.0 = Debug|Any CPU
		{37A0FED0-CAB7-401E-AC0E-4D0C6798BD04}.Release|Any CPU.ActiveCfg = Release|Any CPU
		{37A0FED0-CAB7-401E-AC0E-4D0C6798BD04}.Release|Any CPU.Build.0 = Release|Any CPU
	EndGlobalSection
	GlobalSection(SolutionProperties) = preSolution
		HideSolutionNode = FALSE
	EndGlobalSection
EndGlobal
